
Microsoft Visual Studio Solution File, Format Version 12.00
# Visual Studio Version 17
VisualStudioVersion = 17.14.36518.9 d17.14
MinimumVisualStudioVersion = 10.0.40219.1
Project("{FAE04EC0-301F-11D3-BF4B-00C04F79EFBC}") = "ChessApp.Model", "ClassLibrary1\ChessApp.Model.csproj", "{ACE6325E-E879-44E0-AE63-3A765B38EFBD}"
EndProject
Project("{FAE04EC0-301F-11D3-BF4B-00C04F79EFBC}") = "ChessApp.WPF", "ChessApp.WPF\ChessApp.WPF.csproj", "{0CCFC1F0-8ACD-42D3-9921-9C2B5F675C33}"
EndProject
Project("{FAE04EC0-301F-11D3-BF4B-00C04F79EFBC}") = "ChessApp.Tests", "ChessApp.Tests\ChessApp.Tests.csproj", "{364EF0B1-F8D0-4775-8FF5-0652429755CD}"
EndProject
Global
	GlobalSection(SolutionConfigurationPlatforms) = preSolution
		Debug|Any CPU = Debug|Any CPU
		Release|Any CPU = Release|Any CPU
	EndGlobalSection
	GlobalSection(ProjectConfigurationPlatforms) = postSolution
		{ACE6325E-E879-44E0-AE63-3A765B38EFBD}.Debug|Any CPU.ActiveCfg = Debug|Any CPU
		{ACE6325E-E879-44E0-AE63-3A765B38EFBD}.Debug|Any CPU.Build.0 = Debug|Any CPU
		{ACE6325E-E879-44E0-AE63-3A765B38EFBD}.Release|Any CPU.ActiveCfg = Release|Any CPU
		{ACE6325E-E879-44E0-AE63-3A765B38EFBD}.Release|Any CPU.Build.0 = Release|Any CPU
		{0CCFC1F0-8ACD-42D3-9921-9C2B5F675C33}.Debug|Any CPU.ActiveCfg = Debug|Any CPU
		{0CCFC1F0-8ACD-42D3-9921-9C2B5F675C33}.Debug|Any CPU.Build.0 = Debug|Any CPU
		{0CCFC1F0-8ACD-42D3-9921-9C2B5F675C33}.Release|Any CPU.ActiveCfg = Release|Any CPU
		{0CCFC1F0-8ACD-42D3-9921-9C2B5F675C33}.Release|Any CPU.Build.0 = Release|Any CPU
		{364EF0B1-F8D0-4775-8FF5-0652429755CD}.Debug|Any CPU.ActiveCfg = Debug|Any CPU
		{364EF0B1-F8D0-4775-8FF5-0652429755CD}.Debug|Any CPU.Build.0 = Debug|Any CPU
		{364EF0B1-F8D0-4775-8FF5-0652429755CD}.Release|Any CPU.ActiveCfg = Release|Any CPU
		{364EF0B1-F8D0-4775-8FF5-0652429755CD}.Release|Any CPU.Build.0 = Release|Any CPU
	EndGlobalSection
	GlobalSection(SolutionProperties) = preSolution
		HideSolutionNode = FALSE
	EndGlobalSection
	GlobalSection(ExtensibilityGlobals) = postSolution
		SolutionGuid = {6A57A014-157D-4EB5-9803-306940FBEB75}
	EndGlobalSection
EndGlobal
